
Microsoft Visual Studio Solution File, Format Version 12.00
# Visual Studio Version 17
VisualStudioVersion = 17.14.36518.9 d17.14
MinimumVisualStudioVersion = 10.0.40219.1
Project("{8BC9CEB8-8B4A-11D0-8D11-00A0C91BC942}") = "HellayCodelab", "HellayCodelab\HellayCodelab.vcxproj", "{811EE294-AC38-48D9-B900-A36A83FF9691}"
EndProject
Global
	GlobalSection(SolutionConfigurationPlatforms) = preSolution
		Debug|x64 = Debug|x64
		Debug|x86 = Debug|x86
		Release|x64 = Release|x64
		Release|x86 = Release|x86
	EndGlobalSection
	GlobalSection(ProjectConfigurationPlatforms) = postSolution
		{811EE294-AC38-48D9-B900-A36A83FF9691}.Debug|x64.ActiveCfg = Debug|x64
		{811EE294-AC38-48D9-B900-A36A83FF9691}.Debug|x64.Build.0 = Debug|x64
		{811EE294-AC38-48D9-B900-A36A83FF9691}.Debug|x86.ActiveCfg = Debug|Win32
		{811EE294-AC38-48D9-B900-A36A83FF9691}.Debug|x86.Build.0 = Debug|Win32
		{811EE294-AC38-48D9-B900-A36A83FF9691}.Release|x64.ActiveCfg = Release|x64
		{811EE294-AC38-48D9-B900-A36A83FF9691}.Release|x64.Build.0 = Release|x64
		{811EE294-AC38-48D9-B900-A36A83FF9691}.Release|x86.ActiveCfg = Release|Win32
		{811EE294-AC38-48D9-B900-A36A83FF9691}.Release|x86.Build.0 = Release|Win32
	EndGlobalSection
	GlobalSection(SolutionProperties) = preSolution
		HideSolutionNode = FALSE
	EndGlobalSection
	GlobalSection(ExtensibilityGlobals) = postSolution
		SolutionGuid = {A7B76323-1200-4473-8210-AF765B22441D}
	EndGlobalSection
EndGlobal
